// !$*UTF8*$!
{
	archiveVersion = 1;
	classes = {
	};
	objectVersion = 56;
	objects = {

/* Begin PBXBuildFile section */
		99EC366B2B702ABE003CBB8F /* ContactsAppApp.swift in Sources */ = {isa = PBXBuildFile; fileRef = 99EC366A2B702ABE003CBB8F /* ContactsAppApp.swift */; };
		99EC366D2B702ABE003CBB8F /* MainView.swift in Sources */ = {isa = PBXBuildFile; fileRef = 99EC366C2B702ABE003CBB8F /* MainView.swift */; };
		99EC366F2B702ABF003CBB8F /* Assets.xcassets in Resources */ = {isa = PBXBuildFile; fileRef = 99EC366E2B702ABF003CBB8F /* Assets.xcassets */; };
		99EC36722B702ABF003CBB8F /* Preview Assets.xcassets in Resources */ = {isa = PBXBuildFile; fileRef = 99EC36712B702ABF003CBB8F /* Preview Assets.xcassets */; };
		99EC367C2B702ABF003CBB8F /* ContactsAppTests.swift in Sources */ = {isa = PBXBuildFile; fileRef = 99EC367B2B702ABF003CBB8F /* ContactsAppTests.swift */; };
		99EC36862B702ABF003CBB8F /* ContactsAppUITests.swift in Sources */ = {isa = PBXBuildFile; fileRef = 99EC36852B702ABF003CBB8F /* ContactsAppUITests.swift */; };
		99EC36882B702ABF003CBB8F /* ContactsAppUITestsLaunchTests.swift in Sources */ = {isa = PBXBuildFile; fileRef = 99EC36872B702ABF003CBB8F /* ContactsAppUITestsLaunchTests.swift */; };
		99EC36952B702B3A003CBB8F /* PersonDetailView.swift in Sources */ = {isa = PBXBuildFile; fileRef = 99EC36942B702B3A003CBB8F /* PersonDetailView.swift */; };
		99EC36972B702B65003CBB8F /* RegistrationPage.swift in Sources */ = {isa = PBXBuildFile; fileRef = 99EC36962B702B65003CBB8F /* RegistrationPage.swift */; };
		99F7AEC82B70E50A00D9AE2D /* Contacts.swift in Sources */ = {isa = PBXBuildFile; fileRef = 99F7AEC72B70E50A00D9AE2D /* Contacts.swift */; };
		99F7AECA2B70F58A00D9AE2D /* ContactsLine.swift in Sources */ = {isa = PBXBuildFile; fileRef = 99F7AEC92B70F58A00D9AE2D /* ContactsLine.swift */; };
/* End PBXBuildFile section */

/* Begin PBXContainerItemProxy section */
		99EC36782B702ABF003CBB8F /* PBXContainerItemProxy */ = {
			isa = PBXContainerItemProxy;
			containerPortal = 99EC365F2B702ABE003CBB8F /* Project object */;
			proxyType = 1;
			remoteGlobalIDString = 99EC36662B702ABE003CBB8F;
			remoteInfo = ContactsApp;
		};
		99EC36822B702ABF003CBB8F /* PBXContainerItemProxy */ = {
			isa = PBXContainerItemProxy;
			containerPortal = 99EC365F2B702ABE003CBB8F /* Project object */;
			proxyType = 1;
			remoteGlobalIDString = 99EC36662B702ABE003CBB8F;
			remoteInfo = ContactsApp;
		};
/* End PBXContainerItemProxy section */

/* Begin PBXFileReference section */
		99EC36672B702ABE003CBB8F /* ContactsApp.app */ = {isa = PBXFileReference; explicitFileType = wrapper.application; includeInIndex = 0; path = ContactsApp.app; sourceTree = BUILT_PRODUCTS_DIR; };
		99EC366A2B702ABE003CBB8F /* ContactsAppApp.swift */ = {isa = PBXFileReference; lastKnownFileType = sourcecode.swift; path = ContactsAppApp.swift; sourceTree = "<group>"; };
		99EC366C2B702ABE003CBB8F /* MainView.swift */ = {isa = PBXFileReference; lastKnownFileType = sourcecode.swift; path = MainView.swift; sourceTree = "<group>"; };
		99EC366E2B702ABF003CBB8F /* Assets.xcassets */ = {isa = PBXFileReference; lastKnownFileType = folder.assetcatalog; path = Assets.xcassets; sourceTree = "<group>"; };
		99EC36712B702ABF003CBB8F /* Preview Assets.xcassets */ = {isa = PBXFileReference; lastKnownFileType = folder.assetcatalog; path = "Preview Assets.xcassets"; sourceTree = "<group>"; };
		99EC36772B702ABF003CBB8F /* ContactsAppTests.xctest */ = {isa = PBXFileReference; explicitFileType = wrapper.cfbundle; includeInIndex = 0; path = ContactsAppTests.xctest; sourceTree = BUILT_PRODUCTS_DIR; };
		99EC367B2B702ABF003CBB8F /* ContactsAppTests.swift */ = {isa = PBXFileReference; lastKnownFileType = sourcecode.swift; path = ContactsAppTests.swift; sourceTree = "<group>"; };
		99EC36812B702ABF003CBB8F /* ContactsAppUITests.xctest */ = {isa = PBXFileReference; explicitFileType = wrapper.cfbundle; includeInIndex = 0; path = ContactsAppUITests.xctest; sourceTree = BUILT_PRODUCTS_DIR; };
		99EC36852B702ABF003CBB8F /* ContactsAppUITests.swift */ = {isa = PBXFileReference; lastKnownFileType = sourcecode.swift; path = ContactsAppUITests.swift; sourceTree = "<group>"; };
		99EC36872B702ABF003CBB8F /* ContactsAppUITestsLaunchTests.swift */ = {isa = PBXFileReference; lastKnownFileType = sourcecode.swift; path = ContactsAppUITestsLaunchTests.swift; sourceTree = "<group>"; };
		99EC36942B702B3A003CBB8F /* PersonDetailView.swift */ = {isa = PBXFileReference; lastKnownFileType = sourcecode.swift; path = PersonDetailView.swift; sourceTree = "<group>"; };
		99EC36962B702B65003CBB8F /* RegistrationPage.swift */ = {isa = PBXFileReference; lastKnownFileType = sourcecode.swift; path = RegistrationPage.swift; sourceTree = "<group>"; };
		99F7AEC72B70E50A00D9AE2D /* Contacts.swift */ = {isa = PBXFileReference; lastKnownFileType = sourcecode.swift; path = Contacts.swift; sourceTree = "<group>"; };
		99F7AEC92B70F58A00D9AE2D /* ContactsLine.swift */ = {isa = PBXFileReference; lastKnownFileType = sourcecode.swift; path = ContactsLine.swift; sourceTree = "<group>"; };
/* End PBXFileReference section */

/* Begin PBXFrameworksBuildPhase section */
		99EC36642B702ABE003CBB8F /* Frameworks */ = {
			isa = PBXFrameworksBuildPhase;
			buildActionMask = 2147483647;
			files = (
			);
			runOnlyForDeploymentPostprocessing = 0;
		};
		99EC36742B702ABF003CBB8F /* Frameworks */ = {
			isa = PBXFrameworksBuildPhase;
			buildActionMask = 2147483647;
			files = (
			);
			runOnlyForDeploymentPostprocessing = 0;
		};
		99EC367E2B702ABF003CBB8F /* Frameworks */ = {
			isa = PBXFrameworksBuildPhase;
			buildActionMask = 2147483647;
			files = (
			);
			runOnlyForDeploymentPostprocessing = 0;
		};
/* End PBXFrameworksBuildPhase section */

/* Begin PBXGroup section */
		99EC365E2B702ABE003CBB8F = {
			isa = PBXGroup;
			children = (
				99EC36692B702ABE003CBB8F /* ContactsApp */,
				99EC367A2B702ABF003CBB8F /* ContactsAppTests */,
				99EC36842B702ABF003CBB8F /* ContactsAppUITests */,
				99EC36682B702ABE003CBB8F /* Products */,
			);
			sourceTree = "<group>";
		};
		99EC36682B702ABE003CBB8F /* Products */ = {
			isa = PBXGroup;
			children = (
				99EC36672B702ABE003CBB8F /* ContactsApp.app */,
				99EC36772B702ABF003CBB8F /* ContactsAppTests.xctest */,
				99EC36812B702ABF003CBB8F /* ContactsAppUITests.xctest */,
			);
			name = Products;
			sourceTree = "<group>";
		};
		99EC36692B702ABE003CBB8F /* ContactsApp */ = {
			isa = PBXGroup;
			children = (
				99EC366A2B702ABE003CBB8F /* ContactsAppApp.swift */,
				99EC366C2B702ABE003CBB8F /* MainView.swift */,
				99EC36942B702B3A003CBB8F /* PersonDetailView.swift */,
				99F7AEC92B70F58A00D9AE2D /* ContactsLine.swift */,
				99F7AEC72B70E50A00D9AE2D /* Contacts.swift */,
				99EC36962B702B65003CBB8F /* RegistrationPage.swift */,
				99EC366E2B702ABF003CBB8F /* Assets.xcassets */,
				99EC36702B702ABF003CBB8F /* Preview Content */,
			);
			path = ContactsApp;
			sourceTree = "<group>";
		};
		99EC36702B702ABF003CBB8F /* Preview Content */ = {
			isa = PBXGroup;
			children = (
				99EC36712B702ABF003CBB8F /* Preview Assets.xcassets */,
			);
			path = "Preview Content";
			sourceTree = "<group>";
		};
		99EC367A2B702ABF003CBB8F /* ContactsAppTests */ = {
			isa = PBXGroup;
			children = (
				99EC367B2B702ABF003CBB8F /* ContactsAppTests.swift */,
			);
			path = ContactsAppTests;
			sourceTree = "<group>";
		};
		99EC36842B702ABF003CBB8F /* ContactsAppUITests */ = {
			isa = PBXGroup;
			children = (
				99EC36852B702ABF003CBB8F /* ContactsAppUITests.swift */,
				99EC36872B702ABF003CBB8F /* ContactsAppUITestsLaunchTests.swift */,
			);
			path = ContactsAppUITests;
			sourceTree = "<group>";
		};
/* End PBXGroup section */

/* Begin PBXNativeTarget section */
		99EC36662B702ABE003CBB8F /* ContactsApp */ = {
			isa = PBXNativeTarget;
			buildConfigurationList = 99EC368B2B702ABF003CBB8F /* Build configuration list for PBXNativeTarget "ContactsApp" */;
			buildPhases = (
				99EC36632B702ABE003CBB8F /* Sources */,
				99EC36642B702ABE003CBB8F /* Frameworks */,
				99EC36652B702ABE003CBB8F /* Resources */,
			);
			buildRules = (
			);
			dependencies = (
			);
			name = ContactsApp;
			productName = ContactsApp;
			productReference = 99EC36672B702ABE003CBB8F /* ContactsApp.app */;
			productType = "com.apple.product-type.application";
		};
		99EC36762B702ABF003CBB8F /* ContactsAppTests */ = {
			isa = PBXNativeTarget;
			buildConfigurationList = 99EC368E2B702ABF003CBB8F /* Build configuration list for PBXNativeTarget "ContactsAppTests" */;
			buildPhases = (
				99EC36732B702ABF003CBB8F /* Sources */,
				99EC36742B702ABF003CBB8F /* Frameworks */,
				99EC36752B702ABF003CBB8F /* Resources */,
			);
			buildRules = (
			);
			dependencies = (
				99EC36792B702ABF003CBB8F /* PBXTargetDependency */,
			);
			name = ContactsAppTests;
			productName = ContactsAppTests;
			productReference = 99EC36772B702ABF003CBB8F /* ContactsAppTests.xctest */;
			productType = "com.apple.product-type.bundle.unit-test";
		};
		99EC36802B702ABF003CBB8F /* ContactsAppUITests */ = {
			isa = PBXNativeTarget;
			buildConfigurationList = 99EC36912B702ABF003CBB8F /* Build configuration list for PBXNativeTarget "ContactsAppUITests" */;
			buildPhases = (
				99EC367D2B702ABF003CBB8F /* Sources */,
				99EC367E2B702ABF003CBB8F /* Frameworks */,
				99EC367F2B702ABF003CBB8F /* Resources */,
			);
			buildRules = (
			);
			dependencies = (
				99EC36832B702ABF003CBB8F /* PBXTargetDependency */,
			);
			name = ContactsAppUITests;
			productName = ContactsAppUITests;
			productReference = 99EC36812B702ABF003CBB8F /* ContactsAppUITests.xctest */;
			productType = "com.apple.product-type.bundle.ui-testing";
		};
/* End PBXNativeTarget section */

/* Begin PBXProject section */
		99EC365F2B702ABE003CBB8F /* Project object */ = {
			isa = PBXProject;
			attributes = {
				BuildIndependentTargetsInParallel = 1;
				LastSwiftUpdateCheck = 1520;
				LastUpgradeCheck = 1520;
				TargetAttributes = {
					99EC36662B702ABE003CBB8F = {
						CreatedOnToolsVersion = 15.2;
					};
					99EC36762B702ABF003CBB8F = {
						CreatedOnToolsVersion = 15.2;
						TestTargetID = 99EC36662B702ABE003CBB8F;
					};
					99EC36802B702ABF003CBB8F = {
						CreatedOnToolsVersion = 15.2;
						TestTargetID = 99EC36662B702ABE003CBB8F;
					};
				};
			};
			buildConfigurationList = 99EC36622B702ABE003CBB8F /* Build configuration list for PBXProject "ContactsApp" */;
			compatibilityVersion = "Xcode 14.0";
			developmentRegion = en;
			hasScannedForEncodings = 0;
			knownRegions = (
				en,
				Base,
			);
			mainGroup = 99EC365E2B702ABE003CBB8F;
			productRefGroup = 99EC36682B702ABE003CBB8F /* Products */;
			projectDirPath = "";
			projectRoot = "";
			targets = (
				99EC36662B702ABE003CBB8F /* ContactsApp */,
				99EC36762B702ABF003CBB8F /* ContactsAppTests */,
				99EC36802B702ABF003CBB8F /* ContactsAppUITests */,
			);
		};
/* End PBXProject section */

/* Begin PBXResourcesBuildPhase section */
		99EC36652B702ABE003CBB8F /* Resources */ = {
			isa = PBXResourcesBuildPhase;
			buildActionMask = 2147483647;
			files = (
				99EC36722B702ABF003CBB8F /* Preview Assets.xcassets in Resources */,
				99EC366F2B702ABF003CBB8F /* Assets.xcassets in Resources */,
			);
			runOnlyForDeploymentPostprocessing = 0;
		};
		99EC36752B702ABF003CBB8F /* Resources */ = {
			isa = PBXResourcesBuildPhase;
			buildActionMask = 2147483647;
			files = (
			);
			runOnlyForDeploymentPostprocessing = 0;
		};
		99EC367F2B702ABF003CBB8F /* Resources */ = {
			isa = PBXResourcesBuildPhase;
			buildActionMask = 2147483647;
			files = (
			);
			runOnlyForDeploymentPostprocessing = 0;
		};
/* End PBXResourcesBuildPhase section */

/* Begin PBXSourcesBuildPhase section */
		99EC36632B702ABE003CBB8F /* Sources */ = {
			isa = PBXSourcesBuildPhase;
			buildActionMask = 2147483647;
			files = (
				99F7AECA2B70F58A00D9AE2D /* ContactsLine.swift in Sources */,
				99EC366D2B702ABE003CBB8F /* MainView.swift in Sources */,
				99EC36972B702B65003CBB8F /* RegistrationPage.swift in Sources */,
				99EC36952B702B3A003CBB8F /* PersonDetailView.swift in Sources */,
				99EC366B2B702ABE003CBB8F /* ContactsAppApp.swift in Sources */,
				99F7AEC82B70E50A00D9AE2D /* Contacts.swift in Sources */,
			);
			runOnlyForDeploymentPostprocessing = 0;
		};
		99EC36732B702ABF003CBB8F /* Sources */ = {
			isa = PBXSourcesBuildPhase;
			buildActionMask = 2147483647;
			files = (
				99EC367C2B702ABF003CBB8F /* ContactsAppTests.swift in Sources */,
			);
			runOnlyForDeploymentPostprocessing = 0;
		};
		99EC367D2B702ABF003CBB8F /* Sources */ = {
			isa = PBXSourcesBuildPhase;
			buildActionMask = 2147483647;
			files = (
				99EC36862B702ABF003CBB8F /* ContactsAppUITests.swift in Sources */,
				99EC36882B702ABF003CBB8F /* ContactsAppUITestsLaunchTests.swift in Sources */,
			);
			runOnlyForDeploymentPostprocessing = 0;
		};
/* End PBXSourcesBuildPhase section */

/* Begin PBXTargetDependency section */
		99EC36792B702ABF003CBB8F /* PBXTargetDependency */ = {
			isa = PBXTargetDependency;
			target = 99EC36662B702ABE003CBB8F /* ContactsApp */;
			targetProxy = 99EC36782B702ABF003CBB8F /* PBXContainerItemProxy */;
		};
		99EC36832B702ABF003CBB8F /* PBXTargetDependency */ = {
			isa = PBXTargetDependency;
			target = 99EC36662B702ABE003CBB8F /* ContactsApp */;
			targetProxy = 99EC36822B702ABF003CBB8F /* PBXContainerItemProxy */;
		};
/* End PBXTargetDependency section */

/* Begin XCBuildConfiguration section */
		99EC36892B702ABF003CBB8F /* Debug */ = {
			isa = XCBuildConfiguration;
			buildSettings = {
				ALWAYS_SEARCH_USER_PATHS = NO;
				ASSETCATALOG_COMPILER_GENERATE_SWIFT_ASSET_SYMBOL_EXTENSIONS = YES;
				CLANG_ANALYZER_NONNULL = YES;
				CLANG_ANALYZER_NUMBER_OBJECT_CONVERSION = YES_AGGRESSIVE;
				CLANG_CXX_LANGUAGE_STANDARD = "gnu++20";
				CLANG_ENABLE_MODULES = YES;
				CLANG_ENABLE_OBJC_ARC = YES;
				CLANG_ENABLE_OBJC_WEAK = YES;
				CLANG_WARN_BLOCK_CAPTURE_AUTORELEASING = YES;
				CLANG_WARN_BOOL_CONVERSION = YES;
				CLANG_WARN_COMMA = YES;
				CLANG_WARN_CONSTANT_CONVERSION = YES;
				CLANG_WARN_DEPRECATED_OBJC_IMPLEMENTATIONS = YES;
				CLANG_WARN_DIRECT_OBJC_ISA_USAGE = YES_ERROR;
				CLANG_WARN_DOCUMENTATION_COMMENTS = YES;
				CLANG_WARN_EMPTY_BODY = YES;
				CLANG_WARN_ENUM_CONVERSION = YES;
				CLANG_WARN_INFINITE_RECURSION = YES;
				CLANG_WARN_INT_CONVERSION = YES;
				CLANG_WARN_NON_LITERAL_NULL_CONVERSION = YES;
				CLANG_WARN_OBJC_IMPLICIT_RETAIN_SELF = YES;
				CLANG_WARN_OBJC_LITERAL_CONVERSION = YES;
				CLANG_WARN_OBJC_ROOT_CLASS = YES_ERROR;
				CLANG_WARN_QUOTED_INCLUDE_IN_FRAMEWORK_HEADER = YES;
				CLANG_WARN_RANGE_LOOP_ANALYSIS = YES;
				CLANG_WARN_STRICT_PROTOTYPES = YES;
				CLANG_WARN_SUSPICIOUS_MOVE = YES;
				CLANG_WARN_UNGUARDED_AVAILABILITY = YES_AGGRESSIVE;
				CLANG_WARN_UNREACHABLE_CODE = YES;
				CLANG_WARN__DUPLICATE_METHOD_MATCH = YES;
				COPY_PHASE_STRIP = NO;
				DEBUG_INFORMATION_FORMAT = dwarf;
				ENABLE_STRICT_OBJC_MSGSEND = YES;
				ENABLE_TESTABILITY = YES;
				ENABLE_USER_SCRIPT_SANDBOXING = YES;
				GCC_C_LANGUAGE_STANDARD = gnu17;
				GCC_DYNAMIC_NO_PIC = NO;
				GCC_NO_COMMON_BLOCKS = YES;
				GCC_OPTIMIZATION_LEVEL = 0;
				GCC_PREPROCESSOR_DEFINITIONS = (
					"DEBUG=1",
					"$(inherited)",
				);
				GCC_WARN_64_TO_32_BIT_CONVERSION = YES;
				GCC_WARN_ABOUT_RETURN_TYPE = YES_ERROR;
				GCC_WARN_UNDECLARED_SELECTOR = YES;
				GCC_WARN_UNINITIALIZED_AUTOS = YES_AGGRESSIVE;
				GCC_WARN_UNUSED_FUNCTION = YES;
				GCC_WARN_UNUSED_VARIABLE = YES;
				IPHONEOS_DEPLOYMENT_TARGET = 17.2;
				LOCALIZATION_PREFERS_STRING_CATALOGS = YES;
				MTL_ENABLE_DEBUG_INFO = INCLUDE_SOURCE;
				MTL_FAST_MATH = YES;
				ONLY_ACTIVE_ARCH = YES;
				SDKROOT = iphoneos;
				SWIFT_ACTIVE_COMPILATION_CONDITIONS = "DEBUG $(inherited)";
				SWIFT_OPTIMIZATION_LEVEL = "-Onone";
			};
			name = Debug;
		};
		99EC368A2B702ABF003CBB8F /* Release */ = {
			isa = XCBuildConfiguration;
			buildSettings = {
				ALWAYS_SEARCH_USER_PATHS = NO;
				ASSETCATALOG_COMPILER_GENERATE_SWIFT_ASSET_SYMBOL_EXTENSIONS = YES;
				CLANG_ANALYZER_NONNULL = YES;
				CLANG_ANALYZER_NUMBER_OBJECT_CONVERSION = YES_AGGRESSIVE;
				CLANG_CXX_LANGUAGE_STANDARD = "gnu++20";
				CLANG_ENABLE_MODULES = YES;
				CLANG_ENABLE_OBJC_ARC = YES;
				CLANG_ENABLE_OBJC_WEAK = YES;
				CLANG_WARN_BLOCK_CAPTURE_AUTORELEASING = YES;
				CLANG_WARN_BOOL_CONVERSION = YES;
				CLANG_WARN_COMMA = YES;
				CLANG_WARN_CONSTANT_CONVERSION = YES;
				CLANG_WARN_DEPRECATED_OBJC_IMPLEMENTATIONS = YES;
				CLANG_WARN_DIRECT_OBJC_ISA_USAGE = YES_ERROR;
				CLANG_WARN_DOCUMENTATION_COMMENTS = YES;
				CLANG_WARN_EMPTY_BODY = YES;
				CLANG_WARN_ENUM_CONVERSION = YES;
				CLANG_WARN_INFINITE_RECURSION = YES;
				CLANG_WARN_INT_CONVERSION = YES;
				CLANG_WARN_NON_LITERAL_NULL_CONVERSION = YES;
				CLANG_WARN_OBJC_IMPLICIT_RETAIN_SELF = YES;
				CLANG_WARN_OBJC_LITERAL_CONVERSION = YES;
				CLANG_WARN_OBJC_ROOT_CLASS = YES_ERROR;
				CLANG_WARN_QUOTED_INCLUDE_IN_FRAMEWORK_HEADER = YES;
				CLANG_WARN_RANGE_LOOP_ANALYSIS = YES;
				CLANG_WARN_STRICT_PROTOTYPES = YES;
				CLANG_WARN_SUSPICIOUS_MOVE = YES;
				CLANG_WARN_UNGUARDED_AVAILABILITY = YES_AGGRESSIVE;
				CLANG_WARN_UNREACHABLE_CODE = YES;
				CLANG_WARN__DUPLICATE_METHOD_MATCH = YES;
				COPY_PHASE_STRIP = NO;
				DEBUG_INFORMATION_FORMAT = "dwarf-with-dsym";
				ENABLE_NS_ASSERTIONS = NO;
				ENABLE_STRICT_OBJC_MSGSEND = YES;
				ENABLE_USER_SCRIPT_SANDBOXING = YES;
				GCC_C_LANGUAGE_STANDARD = gnu17;
				GCC_NO_COMMON_BLOCKS = YES;
				GCC_WARN_64_TO_32_BIT_CONVERSION = YES;
				GCC_WARN_ABOUT_RETURN_TYPE = YES_ERROR;
				GCC_WARN_UNDECLARED_SELECTOR = YES;
				GCC_WARN_UNINITIALIZED_AUTOS = YES_AGGRESSIVE;
				GCC_WARN_UNUSED_FUNCTION = YES;
				GCC_WARN_UNUSED_VARIABLE = YES;
				IPHONEOS_DEPLOYMENT_TARGET = 17.2;
				LOCALIZATION_PREFERS_STRING_CATALOGS = YES;
				MTL_ENABLE_DEBUG_INFO = NO;
				MTL_FAST_MATH = YES;
				SDKROOT = iphoneos;
				SWIFT_COMPILATION_MODE = wholemodule;
				VALIDATE_PRODUCT = YES;
			};
			name = Release;
		};
		99EC368C2B702ABF003CBB8F /* Debug */ = {
			isa = XCBuildConfiguration;
			buildSettings = {
				ASSETCATALOG_COMPILER_APPICON_NAME = AppIcon;
				ASSETCATALOG_COMPILER_GLOBAL_ACCENT_COLOR_NAME = AccentColor;
				CODE_SIGN_STYLE = Automatic;
				CURRENT_PROJECT_VERSION = 1;
				DEVELOPMENT_ASSET_PATHS = "\"ContactsApp/Preview Content\"";
				ENABLE_PREVIEWS = YES;
				GENERATE_INFOPLIST_FILE = YES;
				INFOPLIST_KEY_UIApplicationSceneManifest_Generation = YES;
				INFOPLIST_KEY_UIApplicationSupportsIndirectInputEvents = YES;
				INFOPLIST_KEY_UILaunchScreen_Generation = YES;
				INFOPLIST_KEY_UISupportedInterfaceOrientations_iPad = "UIInterfaceOrientationPortrait UIInterfaceOrientationPortraitUpsideDown UIInterfaceOrientationLandscapeLeft UIInterfaceOrientationLandscapeRight";
				INFOPLIST_KEY_UISupportedInterfaceOrientations_iPhone = "UIInterfaceOrientationPortrait UIInterfaceOrientationLandscapeLeft UIInterfaceOrientationLandscapeRight";
				LD_RUNPATH_SEARCH_PATHS = (
					"$(inherited)",
					"@executable_path/Frameworks",
				);
				MARKETING_VERSION = 1.0;
				PRODUCT_BUNDLE_IDENTIFIER = yavuzkaanakyuz.ContactsApp;
				PRODUCT_NAME = "$(TARGET_NAME)";
				SWIFT_EMIT_LOC_STRINGS = YES;
				SWIFT_VERSION = 5.0;
				TARGETED_DEVICE_FAMILY = "1,2";
			};
			name = Debug;
		};
		99EC368D2B702ABF003CBB8F /* Release */ = {
			isa = XCBuildConfiguration;
			buildSettings = {
				ASSETCATALOG_COMPILER_APPICON_NAME = AppIcon;
				ASSETCATALOG_COMPILER_GLOBAL_ACCENT_COLOR_NAME = AccentColor;
				CODE_SIGN_STYLE = Automatic;
				CURRENT_PROJECT_VERSION = 1;
				DEVELOPMENT_ASSET_PATHS = "\"ContactsApp/Preview Content\"";
				ENABLE_PREVIEWS = YES;
				GENERATE_INFOPLIST_FILE = YES;
				INFOPLIST_KEY_UIApplicationSceneManifest_Generation = YES;
				INFOPLIST_KEY_UIApplicationSupportsIndirectInputEvents = YES;
				INFOPLIST_KEY_UILaunchScreen_Generation = YES;
				INFOPLIST_KEY_UISupportedInterfaceOrientations_iPad = "UIInterfaceOrientationPortrait UIInterfaceOrientationPortraitUpsideDown UIInterfaceOrientationLandscapeLeft UIInterfaceOrientationLandscapeRight";
				INFOPLIST_KEY_UISupportedInterfaceOrientations_iPhone = "UIInterfaceOrientationPortrait UIInterfaceOrientationLandscapeLeft UIInterfaceOrientationLandscapeRight";
				LD_RUNPATH_SEARCH_PATHS = (
					"$(inherited)",
					"@executable_path/Frameworks",
				);
				MARKETING_VERSION = 1.0;
				PRODUCT_BUNDLE_IDENTIFIER = yavuzkaanakyuz.ContactsApp;
				PRODUCT_NAME = "$(TARGET_NAME)";
				SWIFT_EMIT_LOC_STRINGS = YES;
				SWIFT_VERSION = 5.0;
				TARGETED_DEVICE_FAMILY = "1,2";
			};
			name = Release;
		};
		99EC368F2B702ABF003CBB8F /* Debug */ = {
			isa = XCBuildConfiguration;
			buildSettings = {
				ALWAYS_EMBED_SWIFT_STANDARD_LIBRARIES = YES;
				BUNDLE_LOADER = "$(TEST_HOST)";
				CODE_SIGN_STYLE = Automatic;
				CURRENT_PROJECT_VERSION = 1;
				GENERATE_INFOPLIST_FILE = YES;
				IPHONEOS_DEPLOYMENT_TARGET = 17.2;
				MARKETING_VERSION = 1.0;
				PRODUCT_BUNDLE_IDENTIFIER = yavuzkaanakyuz.ContactsAppTests;
				PRODUCT_NAME = "$(TARGET_NAME)";
				SWIFT_EMIT_LOC_STRINGS = NO;
				SWIFT_VERSION = 5.0;
				TARGETED_DEVICE_FAMILY = "1,2";
				TEST_HOST = "$(BUILT_PRODUCTS_DIR)/ContactsApp.app/$(BUNDLE_EXECUTABLE_FOLDER_PATH)/ContactsApp";
			};
			name = Debug;
		};
		99EC36902B702ABF003CBB8F /* Release */ = {
			isa = XCBuildConfiguration;
			buildSettings = {
				ALWAYS_EMBED_SWIFT_STANDARD_LIBRARIES = YES;
				BUNDLE_LOADER = "$(TEST_HOST)";
				CODE_SIGN_STYLE = Automatic;
				CURRENT_PROJECT_VERSION = 1;
				GENERATE_INFOPLIST_FILE = YES;
				IPHONEOS_DEPLOYMENT_TARGET = 17.2;
				MARKETING_VERSION = 1.0;
				PRODUCT_BUNDLE_IDENTIFIER = yavuzkaanakyuz.ContactsAppTests;
				PRODUCT_NAME = "$(TARGET_NAME)";
				SWIFT_EMIT_LOC_STRINGS = NO;
				SWIFT_VERSION = 5.0;
				TARGETED_DEVICE_FAMILY = "1,2";
				TEST_HOST = "$(BUILT_PRODUCTS_DIR)/ContactsApp.app/$(BUNDLE_EXECUTABLE_FOLDER_PATH)/ContactsApp";
			};
			name = Release;
		};
		99EC36922B702ABF003CBB8F /* Debug */ = {
			isa = XCBuildConfiguration;
			buildSettings = {
				ALWAYS_EMBED_SWIFT_STANDARD_LIBRARIES = YES;
				CODE_SIGN_STYLE = Automatic;
				CURRENT_PROJECT_VERSION = 1;
				GENERATE_INFOPLIST_FILE = YES;
				MARKETING_VERSION = 1.0;
				PRODUCT_BUNDLE_IDENTIFIER = yavuzkaanakyuz.ContactsAppUITests;
				PRODUCT_NAME = "$(TARGET_NAME)";
				SWIFT_EMIT_LOC_STRINGS = NO;
				SWIFT_VERSION = 5.0;
				TARGETED_DEVICE_FAMILY = "1,2";
				TEST_TARGET_NAME = ContactsApp;
			};
			name = Debug;
		};
		99EC36932B702ABF003CBB8F /* Release */ = {
			isa = XCBuildConfiguration;
			buildSettings = {
				ALWAYS_EMBED_SWIFT_STANDARD_LIBRARIES = YES;
				CODE_SIGN_STYLE = Automatic;
				CURRENT_PROJECT_VERSION = 1;
				GENERATE_INFOPLIST_FILE = YES;
				MARKETING_VERSION = 1.0;
				PRODUCT_BUNDLE_IDENTIFIER = yavuzkaanakyuz.ContactsAppUITests;
				PRODUCT_NAME = "$(TARGET_NAME)";
				SWIFT_EMIT_LOC_STRINGS = NO;
				SWIFT_VERSION = 5.0;
				TARGETED_DEVICE_FAMILY = "1,2";
				TEST_TARGET_NAME = ContactsApp;
			};
			name = Release;
		};
/* End XCBuildConfiguration section */

/* Begin XCConfigurationList section */
		99EC36622B702ABE003CBB8F /* Build configuration list for PBXProject "ContactsApp" */ = {
			isa = XCConfigurationList;
			buildConfigurations = (
				99EC36892B702ABF003CBB8F /* Debug */,
				99EC368A2B702ABF003CBB8F /* Release */,
			);
			defaultConfigurationIsVisible = 0;
			defaultConfigurationName = Release;
		};
		99EC368B2B702ABF003CBB8F /* Build configuration list for PBXNativeTarget "ContactsApp" */ = {
			isa = XCConfigurationList;
			buildConfigurations = (
				99EC368C2B702ABF003CBB8F /* Debug */,
				99EC368D2B702ABF003CBB8F /* Release */,
			);
			defaultConfigurationIsVisible = 0;
			defaultConfigurationName = Release;
		};
		99EC368E2B702ABF003CBB8F /* Build configuration list for PBXNativeTarget "ContactsAppTests" */ = {
			isa = XCConfigurationList;
			buildConfigurations = (
				99EC368F2B702ABF003CBB8F /* Debug */,
				99EC36902B702ABF003CBB8F /* Release */,
			);
			defaultConfigurationIsVisible = 0;
			defaultConfigurationName = Release;
		};
		99EC36912B702ABF003CBB8F /* Build configuration list for PBXNativeTarget "ContactsAppUITests" */ = {
			isa = XCConfigurationList;
			buildConfigurations = (
				99EC36922B702ABF003CBB8F /* Debug */,
				99EC36932B702ABF003CBB8F /* Release */,
			);
			defaultConfigurationIsVisible = 0;
			defaultConfigurationName = Release;
		};
/* End XCConfigurationList section */
	};
	rootObject = 99EC365F2B702ABE003CBB8F /* Project object */;
}
